# THIS IS AN AUTOGENERATED FILE. DO NOT EDIT THIS FILE DIRECTLY.
# yarn lockfile v1


"@ark/schema@0.31.0":
  version "0.31.0"
  resolved "https://registry.yarnpkg.com/@ark/schema/-/schema-0.31.0.tgz#713b29d5b462fdc8057f28408c840b56947d5468"
  integrity sha512-Fm+NASb0mJRnJPW0Q2ogzE3A2QtrujmRHGvxnx2iBCMCn9WUNDCLnil894cIkCD6a86BQ8fy0pH4UZrJP6u2NA==
  dependencies:
    "@ark/util" "0.31.0"

"@ark/util@0.31.0":
  version "0.31.0"
  resolved "https://registry.yarnpkg.com/@ark/util/-/util-0.31.0.tgz#6d29e2ac6cb59c8f8aec6997ad9bc84ef9f044e9"
  integrity sha512-IQ8Vukl3gEzHa6Skoahf67mo+kdtfYauVbMTdoBpM8Bdnqx+4ZGZazv4yzlRXi6a+dj51QOcTIhvtP7dY4pzuQ==

"@types/node@18.14.2":
  version "18.14.2"
  resolved "https://registry.yarnpkg.com/@types/node/-/node-18.14.2.tgz#c076ed1d7b6095078ad3cf21dfeea951842778b1"
  integrity sha512-1uEQxww3DaghA0RxqHx0O0ppVlo43pJhepY51OxuQIKHpjbnYLA7vcdwioNPzIqmC2u3I/dmylcqjlh0e7AyUA==

arktype@2.0.0-rc.31:
  version "2.0.0-rc.31"
  resolved "https://registry.yarnpkg.com/arktype/-/arktype-2.0.0-rc.31.tgz#50488ce86ff163f1b4302f7c1561ca42d289787e"
  integrity sha512-9epStUZsiZicbetRAyQQNhE8LgjBdidw9XVXzVmNULAHQBIi6MOtIqzhYMShjaaN6FXoevCRhPxbJpeFUaGHNA==
  dependencies:
    "@ark/schema" "0.31.0"
    "@ark/util" "0.31.0"

typescript@5.6.3:
  version "5.6.3"
  resolved "https://registry.yarnpkg.com/typescript/-/typescript-5.6.3.tgz#5f3449e31c9d94febb17de03cc081dd56d81db5b"
  integrity sha512-hjcS1mhfuyi4WW8IWtjP7brDrG2cuDZukyrYrSauoXGNgx0S7zceP07adYkJycEr56BOUTNPzbInooiN3fn1qw==
